
Microsoft Visual Studio Solution File, Format Version 12.00
# Visual Studio 2013
VisualStudioVersion = 12.0.31101.0
MinimumVisualStudioVersion = 10.0.40219.1
Project("{FAE04EC0-301F-11D3-BF4B-00C04F79EFBC}") = "LongshoreFactor", "LongshoreFactor\LongshoreFactor.csproj", "{48A1CC52-F3E6-43AE-94DD-FAA0B0C34A4E}"
EndProject
Project("{FAE04EC0-301F-11D3-BF4B-00C04F79EFBC}") = "LongshoreFactorTests", "LongshoreFactorTests\LongshoreFactorTests.csproj", "{7CE530EF-4996-4C9B-8AC1-9005BEB30D06}"
EndProject
Project("{FAE04EC0-301F-11D3-BF4B-00C04F79EFBC}") = "BDDTests", "BDDTests\BDDTests.csproj", "{89F340F2-D57C-4D4D-A666-955BD2A392B1}"
EndProject
Global
	GlobalSection(SolutionConfigurationPlatforms) = preSolution
		Debug|Any CPU = Debug|Any CPU
		Release|Any CPU = Release|Any CPU
	EndGlobalSection
	GlobalSection(ProjectConfigurationPlatforms) = postSolution
		{48A1CC52-F3E6-43AE-94DD-FAA0B0C34A4E}.Debug|Any CPU.ActiveCfg = Debug|Any CPU
		{48A1CC52-F3E6-43AE-94DD-FAA0B0C34A4E}.Debug|Any CPU.Build.0 = Debug|Any CPU
		{48A1CC52-F3E6-43AE-94DD-FAA0B0C34A4E}.Release|Any CPU.ActiveCfg = Release|Any CPU
		{48A1CC52-F3E6-43AE-94DD-FAA0B0C34A4E}.Release|Any CPU.Build.0 = Release|Any CPU
		{7CE530EF-4996-4C9B-8AC1-9005BEB30D06}.Debug|Any CPU.ActiveCfg = Debug|Any CPU
		{7CE530EF-4996-4C9B-8AC1-9005BEB30D06}.Debug|Any CPU.Build.0 = Debug|Any CPU
		{7CE530EF-4996-4C9B-8AC1-9005BEB30D06}.Release|Any CPU.ActiveCfg = Release|Any CPU
		{7CE530EF-4996-4C9B-8AC1-9005BEB30D06}.Release|Any CPU.Build.0 = Release|Any CPU
		{89F340F2-D57C-4D4D-A666-955BD2A392B1}.Debug|Any CPU.ActiveCfg = Debug|Any CPU
		{89F340F2-D57C-4D4D-A666-955BD2A392B1}.Debug|Any CPU.Build.0 = Debug|Any CPU
		{89F340F2-D57C-4D4D-A666-955BD2A392B1}.Release|Any CPU.ActiveCfg = Release|Any CPU
		{89F340F2-D57C-4D4D-A666-955BD2A392B1}.Release|Any CPU.Build.0 = Release|Any CPU
	EndGlobalSection
	GlobalSection(SolutionProperties) = preSolution
		HideSolutionNode = FALSE
	EndGlobalSection
EndGlobal
